
Microsoft Visual Studio Solution File, Format Version 12.00
# Visual Studio Version 17
VisualStudioVersion = 17.0.32014.148
MinimumVisualStudioVersion = 10.0.40219.1
Project("{FAE04EC0-301F-11D3-BF4B-00C04F79EFBC}") = "QR docx injector", "QR docx injector.csproj", "{A6FCFC99-3496-4C06-8596-D5265D83FCA5}"
EndProject
Global
	GlobalSection(SolutionConfigurationPlatforms) = preSolution
		Debug|Any CPU = Debug|Any CPU
		Release|Any CPU = Release|Any CPU
	EndGlobalSection
	GlobalSection(ProjectConfigurationPlatforms) = postSolution
		{A6FCFC99-3496-4C06-8596-D5265D83FCA5}.Debug|Any CPU.ActiveCfg = Debug|Any CPU
		{A6FCFC99-3496-4C06-8596-D5265D83FCA5}.Debug|Any CPU.Build.0 = Debug|Any CPU
		{A6FCFC99-3496-4C06-8596-D5265D83FCA5}.Release|Any CPU.ActiveCfg = Release|Any CPU
		{A6FCFC99-3496-4C06-8596-D5265D83FCA5}.Release|Any CPU.Build.0 = Release|Any CPU
	EndGlobalSection
	GlobalSection(SolutionProperties) = preSolution
		HideSolutionNode = FALSE
	EndGlobalSection
	GlobalSection(ExtensibilityGlobals) = postSolution
		SolutionGuid = {82DD4BCA-3107-45D3-81A2-34F0D8A26D38}
	EndGlobalSection
EndGlobal
